
Microsoft Visual Studio Solution File, Format Version 12.00
# Visual Studio Version 17
VisualStudioVersion = 17.13.35913.81 d17.13
MinimumVisualStudioVersion = 10.0.40219.1
Project("{FAE04EC0-301F-11D3-BF4B-00C04F79EFBC}") = "WindowsFormsApp1", "WindowsFormsApp1.csproj", "{CFF923B2-B253-4529-A3D1-57BEC517FE60}"
EndProject
Global
	GlobalSection(SolutionConfigurationPlatforms) = preSolution
		Debug|Any CPU = Debug|Any CPU
		Release|Any CPU = Release|Any CPU
	EndGlobalSection
	GlobalSection(ProjectConfigurationPlatforms) = postSolution
		{CFF923B2-B253-4529-A3D1-57BEC517FE60}.Debug|Any CPU.ActiveCfg = Debug|Any CPU
		{CFF923B2-B253-4529-A3D1-57BEC517FE60}.Debug|Any CPU.Build.0 = Debug|Any CPU
		{CFF923B2-B253-4529-A3D1-57BEC517FE60}.Release|Any CPU.ActiveCfg = Release|Any CPU
		{CFF923B2-B253-4529-A3D1-57BEC517FE60}.Release|Any CPU.Build.0 = Release|Any CPU
	EndGlobalSection
	GlobalSection(SolutionProperties) = preSolution
		HideSolutionNode = FALSE
	EndGlobalSection
	GlobalSection(ExtensibilityGlobals) = postSolution
		SolutionGuid = {D2BF79A4-A257-4C9D-A467-56CD95B79322}
	EndGlobalSection
EndGlobal
